// !$*UTF8*$!
{
	archiveVersion = 1;
	classes = {
	};
	objectVersion = 46;
	objects = {

/* Begin PBXBuildFile section */
		881C76351EAB4834005EDB67 /* AppDelegate.swift in Sources */ = {isa = PBXBuildFile; fileRef = 881C76341EAB4834005EDB67 /* AppDelegate.swift */; };
		881C763A1EAB4834005EDB67 /* Main.storyboard in Resources */ = {isa = PBXBuildFile; fileRef = 881C76381EAB4834005EDB67 /* Main.storyboard */; };
		881C763C1EAB4834005EDB67 /* Assets.xcassets in Resources */ = {isa = PBXBuildFile; fileRef = 881C763B1EAB4834005EDB67 /* Assets.xcassets */; };
		881C763F1EAB4834005EDB67 /* LaunchScreen.storyboard in Resources */ = {isa = PBXBuildFile; fileRef = 881C763D1EAB4834005EDB67 /* LaunchScreen.storyboard */; };
		881C764A1EAB7EA9005EDB67 /* ShopsVC.swift in Sources */ = {isa = PBXBuildFile; fileRef = 881C76491EAB7EA9005EDB67 /* ShopsVC.swift */; };
		881C764C1EAB7ED5005EDB67 /* ShopsVM.swift in Sources */ = {isa = PBXBuildFile; fileRef = 881C764B1EAB7ED5005EDB67 /* ShopsVM.swift */; };
		881C76511EAB7F7B005EDB67 /* DataSourceProtocol.swift in Sources */ = {isa = PBXBuildFile; fileRef = 881C76501EAB7F7B005EDB67 /* DataSourceProtocol.swift */; };
		881C76541EAB7F9D005EDB67 /* DataSource.swift in Sources */ = {isa = PBXBuildFile; fileRef = 881C76531EAB7F9D005EDB67 /* DataSource.swift */; };
		881C76561EAB7FBB005EDB67 /* LocalDataSource.swift in Sources */ = {isa = PBXBuildFile; fileRef = 881C76551EAB7FBB005EDB67 /* LocalDataSource.swift */; };
		881C76581EAB7FC8005EDB67 /* RemoteDataSource.swift in Sources */ = {isa = PBXBuildFile; fileRef = 881C76571EAB7FC8005EDB67 /* RemoteDataSource.swift */; };
		881C765B1EAB814C005EDB67 /* AppDataModel.xcdatamodeld in Sources */ = {isa = PBXBuildFile; fileRef = 881C76591EAB814C005EDB67 /* AppDataModel.xcdatamodeld */; };
		881C76611EAB8DBA005EDB67 /* ShopDetailsVC.swift in Sources */ = {isa = PBXBuildFile; fileRef = 881C76601EAB8DBA005EDB67 /* ShopDetailsVC.swift */; };
		881C76761EAB95A3005EDB67 /* ShopModel+CoreDataClass.swift in Sources */ = {isa = PBXBuildFile; fileRef = 881C76721EAB95A3005EDB67 /* ShopModel+CoreDataClass.swift */; };
		881C76771EAB95A3005EDB67 /* ShopModel+CoreDataProperties.swift in Sources */ = {isa = PBXBuildFile; fileRef = 881C76731EAB95A3005EDB67 /* ShopModel+CoreDataProperties.swift */; };
		881C76781EAB95A3005EDB67 /* BranchModel+CoreDataClass.swift in Sources */ = {isa = PBXBuildFile; fileRef = 881C76741EAB95A3005EDB67 /* BranchModel+CoreDataClass.swift */; };
		881C76791EAB95A3005EDB67 /* BranchModel+CoreDataProperties.swift in Sources */ = {isa = PBXBuildFile; fileRef = 881C76751EAB95A3005EDB67 /* BranchModel+CoreDataProperties.swift */; };
/* End PBXBuildFile section */

/* Begin PBXFileReference section */
		881C76311EAB4834005EDB67 /* Chalenge.app */ = {isa = PBXFileReference; explicitFileType = wrapper.application; includeInIndex = 0; path = Chalenge.app; sourceTree = BUILT_PRODUCTS_DIR; };
		881C76341EAB4834005EDB67 /* AppDelegate.swift */ = {isa = PBXFileReference; lastKnownFileType = sourcecode.swift; name = AppDelegate.swift; path = ../AppDelegate.swift; sourceTree = "<group>"; };
		881C76391EAB4834005EDB67 /* Base */ = {isa = PBXFileReference; lastKnownFileType = file.storyboard; name = Base; path = Base.lproj/Main.storyboard; sourceTree = "<group>"; };
		881C763B1EAB4834005EDB67 /* Assets.xcassets */ = {isa = PBXFileReference; lastKnownFileType = folder.assetcatalog; path = Assets.xcassets; sourceTree = "<group>"; };
		881C763E1EAB4834005EDB67 /* Base */ = {isa = PBXFileReference; lastKnownFileType = file.storyboard; name = Base; path = Base.lproj/LaunchScreen.storyboard; sourceTree = "<group>"; };
		881C76401EAB4834005EDB67 /* Info.plist */ = {isa = PBXFileReference; lastKnownFileType = text.plist.xml; path = Info.plist; sourceTree = "<group>"; };
		881C76491EAB7EA9005EDB67 /* ShopsVC.swift */ = {isa = PBXFileReference; fileEncoding = 4; lastKnownFileType = sourcecode.swift; path = ShopsVC.swift; sourceTree = "<group>"; };
		881C764B1EAB7ED5005EDB67 /* ShopsVM.swift */ = {isa = PBXFileReference; fileEncoding = 4; lastKnownFileType = sourcecode.swift; name = ShopsVM.swift; path = ../ShopsVM.swift; sourceTree = "<group>"; };
		881C76501EAB7F7B005EDB67 /* DataSourceProtocol.swift */ = {isa = PBXFileReference; fileEncoding = 4; lastKnownFileType = sourcecode.swift; path = DataSourceProtocol.swift; sourceTree = "<group>"; };
		881C76531EAB7F9D005EDB67 /* DataSource.swift */ = {isa = PBXFileReference; fileEncoding = 4; lastKnownFileType = sourcecode.swift; path = DataSource.swift; sourceTree = "<group>"; };
		881C76551EAB7FBB005EDB67 /* LocalDataSource.swift */ = {isa = PBXFileReference; fileEncoding = 4; lastKnownFileType = sourcecode.swift; path = LocalDataSource.swift; sourceTree = "<group>"; };
		881C76571EAB7FC8005EDB67 /* RemoteDataSource.swift */ = {isa = PBXFileReference; fileEncoding = 4; lastKnownFileType = sourcecode.swift; path = RemoteDataSource.swift; sourceTree = "<group>"; };
		881C765A1EAB814C005EDB67 /* AppDataModel.xcdatamodel */ = {isa = PBXFileReference; lastKnownFileType = wrapper.xcdatamodel; path = AppDataModel.xcdatamodel; sourceTree = "<group>"; };
		881C76601EAB8DBA005EDB67 /* ShopDetailsVC.swift */ = {isa = PBXFileReference; fileEncoding = 4; lastKnownFileType = sourcecode.swift; path = ShopDetailsVC.swift; sourceTree = "<group>"; };
		881C76721EAB95A3005EDB67 /* ShopModel+CoreDataClass.swift */ = {isa = PBXFileReference; fileEncoding = 4; lastKnownFileType = sourcecode.swift; path = "ShopModel+CoreDataClass.swift"; sourceTree = "<group>"; };
		881C76731EAB95A3005EDB67 /* ShopModel+CoreDataProperties.swift */ = {isa = PBXFileReference; fileEncoding = 4; lastKnownFileType = sourcecode.swift; path = "ShopModel+CoreDataProperties.swift"; sourceTree = "<group>"; };
		881C76741EAB95A3005EDB67 /* BranchModel+CoreDataClass.swift */ = {isa = PBXFileReference; fileEncoding = 4; lastKnownFileType = sourcecode.swift; path = "BranchModel+CoreDataClass.swift"; sourceTree = "<group>"; };
		881C76751EAB95A3005EDB67 /* BranchModel+CoreDataProperties.swift */ = {isa = PBXFileReference; fileEncoding = 4; lastKnownFileType = sourcecode.swift; path = "BranchModel+CoreDataProperties.swift"; sourceTree = "<group>"; };
/* End PBXFileReference section */

/* Begin PBXFrameworksBuildPhase section */
		881C762E1EAB4834005EDB67 /* Frameworks */ = {
			isa = PBXFrameworksBuildPhase;
			buildActionMask = 2147483647;
			files = (
			);
			runOnlyForDeploymentPostprocessing = 0;
		};
/* End PBXFrameworksBuildPhase section */

/* Begin PBXGroup section */
		881C76281EAB4834005EDB67 = {
			isa = PBXGroup;
			children = (
				881C76331EAB4834005EDB67 /* Chalenge */,
				881C76321EAB4834005EDB67 /* Products */,
			);
			sourceTree = "<group>";
		};
		881C76321EAB4834005EDB67 /* Products */ = {
			isa = PBXGroup;
			children = (
				881C76311EAB4834005EDB67 /* Chalenge.app */,
			);
			name = Products;
			sourceTree = "<group>";
		};
		881C76331EAB4834005EDB67 /* Chalenge */ = {
			isa = PBXGroup;
			children = (
				881C76461EAB7E13005EDB67 /* Model */,
				881C76471EAB7E3B005EDB67 /* View */,
				881C76481EAB7E4F005EDB67 /* ViewModel */,
				881C763B1EAB4834005EDB67 /* Assets.xcassets */,
				881C763D1EAB4834005EDB67 /* LaunchScreen.storyboard */,
				881C76401EAB4834005EDB67 /* Info.plist */,
			);
			path = Chalenge;
			sourceTree = "<group>";
		};
		881C76461EAB7E13005EDB67 /* Model */ = {
			isa = PBXGroup;
			children = (
				881C76721EAB95A3005EDB67 /* ShopModel+CoreDataClass.swift */,
				881C76731EAB95A3005EDB67 /* ShopModel+CoreDataProperties.swift */,
				881C76741EAB95A3005EDB67 /* BranchModel+CoreDataClass.swift */,
				881C76751EAB95A3005EDB67 /* BranchModel+CoreDataProperties.swift */,
				881C764D1EAB7EDA005EDB67 /* DataRepository */,
			);
			path = Model;
			sourceTree = "<group>";
		};
		881C76471EAB7E3B005EDB67 /* View */ = {
			isa = PBXGroup;
			children = (
				881C76341EAB4834005EDB67 /* AppDelegate.swift */,
				881C76381EAB4834005EDB67 /* Main.storyboard */,
				881C76491EAB7EA9005EDB67 /* ShopsVC.swift */,
				881C76601EAB8DBA005EDB67 /* ShopDetailsVC.swift */,
			);
			path = View;
			sourceTree = "<group>";
		};
		881C76481EAB7E4F005EDB67 /* ViewModel */ = {
			isa = PBXGroup;
			children = (
				881C764B1EAB7ED5005EDB67 /* ShopsVM.swift */,
			);
			path = ViewModel;
			sourceTree = "<group>";
		};
		881C764D1EAB7EDA005EDB67 /* DataRepository */ = {
			isa = PBXGroup;
			children = (
				881C76501EAB7F7B005EDB67 /* DataSourceProtocol.swift */,
				881C764F1EAB7F5D005EDB67 /* LocalData */,
				881C764E1EAB7F51005EDB67 /* RemoteData */,
				881C76531EAB7F9D005EDB67 /* DataSource.swift */,
			);
			path = DataRepository;
			sourceTree = "<group>";
		};
		881C764E1EAB7F51005EDB67 /* RemoteData */ = {
			isa = PBXGroup;
			children = (
				881C76571EAB7FC8005EDB67 /* RemoteDataSource.swift */,
			);
			name = RemoteData;
			sourceTree = "<group>";
		};
		881C764F1EAB7F5D005EDB67 /* LocalData */ = {
			isa = PBXGroup;
			children = (
				881C76551EAB7FBB005EDB67 /* LocalDataSource.swift */,
				881C76591EAB814C005EDB67 /* AppDataModel.xcdatamodeld */,
			);
			name = LocalData;
			sourceTree = "<group>";
		};
/* End PBXGroup section */

/* Begin PBXNativeTarget section */
		881C76301EAB4834005EDB67 /* Chalenge */ = {
			isa = PBXNativeTarget;
			buildConfigurationList = 881C76431EAB4834005EDB67 /* Build configuration list for PBXNativeTarget "Chalenge" */;
			buildPhases = (
				881C762D1EAB4834005EDB67 /* Sources */,
				881C762E1EAB4834005EDB67 /* Frameworks */,
				881C762F1EAB4834005EDB67 /* Resources */,
			);
			buildRules = (
			);
			dependencies = (
			);
			name = Chalenge;
			productName = Chalenge;
			productReference = 881C76311EAB4834005EDB67 /* Chalenge.app */;
			productType = "com.apple.product-type.application";
		};
/* End PBXNativeTarget section */

/* Begin PBXProject section */
		881C76291EAB4834005EDB67 /* Project object */ = {
			isa = PBXProject;
			attributes = {
				LastSwiftUpdateCheck = 0820;
				LastUpgradeCheck = 0820;
				ORGANIZATIONNAME = "Moayad Al kouz";
				TargetAttributes = {
					881C76301EAB4834005EDB67 = {
						CreatedOnToolsVersion = 8.2.1;
						ProvisioningStyle = Automatic;
					};
				};
			};
			buildConfigurationList = 881C762C1EAB4834005EDB67 /* Build configuration list for PBXProject "Chalenge" */;
			compatibilityVersion = "Xcode 3.2";
			developmentRegion = English;
			hasScannedForEncodings = 0;
			knownRegions = (
				en,
				Base,
			);
			mainGroup = 881C76281EAB4834005EDB67;
			productRefGroup = 881C76321EAB4834005EDB67 /* Products */;
			projectDirPath = "";
			projectRoot = "";
			targets = (
				881C76301EAB4834005EDB67 /* Chalenge */,
			);
		};
/* End PBXProject section */

/* Begin PBXResourcesBuildPhase section */
		881C762F1EAB4834005EDB67 /* Resources */ = {
			isa = PBXResourcesBuildPhase;
			buildActionMask = 2147483647;
			files = (
				881C763F1EAB4834005EDB67 /* LaunchScreen.storyboard in Resources */,
				881C763C1EAB4834005EDB67 /* Assets.xcassets in Resources */,
				881C763A1EAB4834005EDB67 /* Main.storyboard in Resources */,
			);
			runOnlyForDeploymentPostprocessing = 0;
		};
/* End PBXResourcesBuildPhase section */

/* Begin PBXSourcesBuildPhase section */
		881C762D1EAB4834005EDB67 /* Sources */ = {
			isa = PBXSourcesBuildPhase;
			buildActionMask = 2147483647;
			files = (
				881C765B1EAB814C005EDB67 /* AppDataModel.xcdatamodeld in Sources */,
				881C76581EAB7FC8005EDB67 /* RemoteDataSource.swift in Sources */,
				881C76771EAB95A3005EDB67 /* ShopModel+CoreDataProperties.swift in Sources */,
				881C76791EAB95A3005EDB67 /* BranchModel+CoreDataProperties.swift in Sources */,
				881C76541EAB7F9D005EDB67 /* DataSource.swift in Sources */,
				881C764C1EAB7ED5005EDB67 /* ShopsVM.swift in Sources */,
				881C76561EAB7FBB005EDB67 /* LocalDataSource.swift in Sources */,
				881C76611EAB8DBA005EDB67 /* ShopDetailsVC.swift in Sources */,
				881C76511EAB7F7B005EDB67 /* DataSourceProtocol.swift in Sources */,
				881C764A1EAB7EA9005EDB67 /* ShopsVC.swift in Sources */,
				881C76781EAB95A3005EDB67 /* BranchModel+CoreDataClass.swift in Sources */,
				881C76351EAB4834005EDB67 /* AppDelegate.swift in Sources */,
				881C76761EAB95A3005EDB67 /* ShopModel+CoreDataClass.swift in Sources */,
			);
			runOnlyForDeploymentPostprocessing = 0;
		};
/* End PBXSourcesBuildPhase section */

/* Begin PBXVariantGroup section */
		881C76381EAB4834005EDB67 /* Main.storyboard */ = {
			isa = PBXVariantGroup;
			children = (
				881C76391EAB4834005EDB67 /* Base */,
			);
			name = Main.storyboard;
			path = ..;
			sourceTree = "<group>";
		};
		881C763D1EAB4834005EDB67 /* LaunchScreen.storyboard */ = {
			isa = PBXVariantGroup;
			children = (
				881C763E1EAB4834005EDB67 /* Base */,
			);
			name = LaunchScreen.storyboard;
			sourceTree = "<group>";
		};
/* End PBXVariantGroup section */

/* Begin XCBuildConfiguration section */
		881C76411EAB4834005EDB67 /* Debug */ = {
			isa = XCBuildConfiguration;
			buildSettings = {
				ALWAYS_SEARCH_USER_PATHS = NO;
				CLANG_ANALYZER_NONNULL = YES;
				CLANG_CXX_LANGUAGE_STANDARD = "gnu++0x";
				CLANG_CXX_LIBRARY = "libc++";
				CLANG_ENABLE_MODULES = YES;
				CLANG_ENABLE_OBJC_ARC = YES;
				CLANG_WARN_BOOL_CONVERSION = YES;
				CLANG_WARN_CONSTANT_CONVERSION = YES;
				CLANG_WARN_DIRECT_OBJC_ISA_USAGE = YES_ERROR;
				CLANG_WARN_DOCUMENTATION_COMMENTS = YES;
				CLANG_WARN_EMPTY_BODY = YES;
				CLANG_WARN_ENUM_CONVERSION = YES;
				CLANG_WARN_INFINITE_RECURSION = YES;
				CLANG_WARN_INT_CONVERSION = YES;
				CLANG_WARN_OBJC_ROOT_CLASS = YES_ERROR;
				CLANG_WARN_SUSPICIOUS_MOVE = YES;
				CLANG_WARN_UNREACHABLE_CODE = YES;
				CLANG_WARN__DUPLICATE_METHOD_MATCH = YES;
				"CODE_SIGN_IDENTITY[sdk=iphoneos*]" = "iPhone Developer";
				COPY_PHASE_STRIP = NO;
				DEBUG_INFORMATION_FORMAT = dwarf;
				ENABLE_STRICT_OBJC_MSGSEND = YES;
				ENABLE_TESTABILITY = YES;
				GCC_C_LANGUAGE_STANDARD = gnu99;
				GCC_DYNAMIC_NO_PIC = NO;
				GCC_NO_COMMON_BLOCKS = YES;
				GCC_OPTIMIZATION_LEVEL = 0;
				GCC_PREPROCESSOR_DEFINITIONS = (
					"DEBUG=1",
					"$(inherited)",
				);
				GCC_WARN_64_TO_32_BIT_CONVERSION = YES;
				GCC_WARN_ABOUT_RETURN_TYPE = YES_ERROR;
				GCC_WARN_UNDECLARED_SELECTOR = YES;
				GCC_WARN_UNINITIALIZED_AUTOS = YES_AGGRESSIVE;
				GCC_WARN_UNUSED_FUNCTION = YES;
				GCC_WARN_UNUSED_VARIABLE = YES;
				IPHONEOS_DEPLOYMENT_TARGET = 10.2;
				MTL_ENABLE_DEBUG_INFO = YES;
				ONLY_ACTIVE_ARCH = YES;
				SDKROOT = iphoneos;
				SWIFT_ACTIVE_COMPILATION_CONDITIONS = DEBUG;
				SWIFT_OPTIMIZATION_LEVEL = "-Onone";
				TARGETED_DEVICE_FAMILY = "1,2";
			};
			name = Debug;
		};
		881C76421EAB4834005EDB67 /* Release */ = {
			isa = XCBuildConfiguration;
			buildSettings = {
				ALWAYS_SEARCH_USER_PATHS = NO;
				CLANG_ANALYZER_NONNULL = YES;
				CLANG_CXX_LANGUAGE_STANDARD = "gnu++0x";
				CLANG_CXX_LIBRARY = "libc++";
				CLANG_ENABLE_MODULES = YES;
				CLANG_ENABLE_OBJC_ARC = YES;
				CLANG_WARN_BOOL_CONVERSION = YES;
				CLANG_WARN_CONSTANT_CONVERSION = YES;
				CLANG_WARN_DIRECT_OBJC_ISA_USAGE = YES_ERROR;
				CLANG_WARN_DOCUMENTATION_COMMENTS = YES;
				CLANG_WARN_EMPTY_BODY = YES;
				CLANG_WARN_ENUM_CONVERSION = YES;
				CLANG_WARN_INFINITE_RECURSION = YES;
				CLANG_WARN_INT_CONVERSION = YES;
				CLANG_WARN_OBJC_ROOT_CLASS = YES_ERROR;
				CLANG_WARN_SUSPICIOUS_MOVE = YES;
				CLANG_WARN_UNREACHABLE_CODE = YES;
				CLANG_WARN__DUPLICATE_METHOD_MATCH = YES;
				"CODE_SIGN_IDENTITY[sdk=iphoneos*]" = "iPhone Developer";
				COPY_PHASE_STRIP = NO;
				DEBUG_INFORMATION_FORMAT = "dwarf-with-dsym";
				ENABLE_NS_ASSERTIONS = NO;
				ENABLE_STRICT_OBJC_MSGSEND = YES;
				GCC_C_LANGUAGE_STANDARD = gnu99;
				GCC_NO_COMMON_BLOCKS = YES;
				GCC_WARN_64_TO_32_BIT_CONVERSION = YES;
				GCC_WARN_ABOUT_RETURN_TYPE = YES_ERROR;
				GCC_WARN_UNDECLARED_SELECTOR = YES;
				GCC_WARN_UNINITIALIZED_AUTOS = YES_AGGRESSIVE;
				GCC_WARN_UNUSED_FUNCTION = YES;
				GCC_WARN_UNUSED_VARIABLE = YES;
				IPHONEOS_DEPLOYMENT_TARGET = 10.2;
				MTL_ENABLE_DEBUG_INFO = NO;
				SDKROOT = iphoneos;
				SWIFT_OPTIMIZATION_LEVEL = "-Owholemodule";
				TARGETED_DEVICE_FAMILY = "1,2";
				VALIDATE_PRODUCT = YES;
			};
			name = Release;
		};
		881C76441EAB4834005EDB67 /* Debug */ = {
			isa = XCBuildConfiguration;
			buildSettings = {
				ASSETCATALOG_COMPILER_APPICON_NAME = AppIcon;
				INFOPLIST_FILE = Chalenge/Info.plist;
				LD_RUNPATH_SEARCH_PATHS = "$(inherited) @executable_path/Frameworks";
				PRODUCT_BUNDLE_IDENTIFIER = com.Chalenge;
				PRODUCT_NAME = "$(TARGET_NAME)";
				SWIFT_VERSION = 3.0;
			};
			name = Debug;
		};
		881C76451EAB4834005EDB67 /* Release */ = {
			isa = XCBuildConfiguration;
			buildSettings = {
				ASSETCATALOG_COMPILER_APPICON_NAME = AppIcon;
				INFOPLIST_FILE = Chalenge/Info.plist;
				LD_RUNPATH_SEARCH_PATHS = "$(inherited) @executable_path/Frameworks";
				PRODUCT_BUNDLE_IDENTIFIER = com.Chalenge;
				PRODUCT_NAME = "$(TARGET_NAME)";
				SWIFT_VERSION = 3.0;
			};
			name = Release;
		};
/* End XCBuildConfiguration section */

/* Begin XCConfigurationList section */
		881C762C1EAB4834005EDB67 /* Build configuration list for PBXProject "Chalenge" */ = {
			isa = XCConfigurationList;
			buildConfigurations = (
				881C76411EAB4834005EDB67 /* Debug */,
				881C76421EAB4834005EDB67 /* Release */,
			);
			defaultConfigurationIsVisible = 0;
			defaultConfigurationName = Release;
		};
		881C76431EAB4834005EDB67 /* Build configuration list for PBXNativeTarget "Chalenge" */ = {
			isa = XCConfigurationList;
			buildConfigurations = (
				881C76441EAB4834005EDB67 /* Debug */,
				881C76451EAB4834005EDB67 /* Release */,
			);
			defaultConfigurationIsVisible = 0;
			defaultConfigurationName = Release;
		};
/* End XCConfigurationList section */

/* Begin XCVersionGroup section */
		881C76591EAB814C005EDB67 /* AppDataModel.xcdatamodeld */ = {
			isa = XCVersionGroup;
			children = (
				881C765A1EAB814C005EDB67 /* AppDataModel.xcdatamodel */,
			);
			currentVersion = 881C765A1EAB814C005EDB67 /* AppDataModel.xcdatamodel */;
			path = AppDataModel.xcdatamodeld;
			sourceTree = "<group>";
			versionGroupType = wrapper.xcdatamodel;
		};
/* End XCVersionGroup section */
	};
	rootObject = 881C76291EAB4834005EDB67 /* Project object */;
}
